{
  "object": {
    "pins": [
      {
        "package": "Clibmaxminddb",
        "repositoryURL": "https://github.com/5t111111/Clibmaxminddb.git",
        "state": {
          "branch": "master",
          "revision": "b1af4e19e9361f2aee8582c082ef1392cf9f3e03",
          "version": null
        }
      }
    ]
  },
  "version": 1
}
